{
  "version": 4,
  "terraform_version": "1.13.3",
  "serial": 4,
  "lineage": "9de48a4b-7e10-e2ea-6fe7-2aba180db1c4",
  "outputs": {},
  "resources": [
    {
      "mode": "managed",
      "type": "aws_instance",
      "name": "backend_server",
      "provider": "provider[\"registry.terraform.io/hashicorp/aws\"]",
      "instances": [
        {
          "schema_version": 2,
          "attributes": {
            "ami": "ami-12345678",
            "arn": "arn:aws:ec2:us-east-1:000000000000:instance/i-a0bf0000095e81c4c",
            "associate_public_ip_address": true,
            "availability_zone": "us-east-1a",
            "capacity_reservation_specification": [],
            "cpu_options": [],
            "credit_specification": [],
            "disable_api_stop": false,
            "disable_api_termination": false,
            "ebs_block_device": [],
            "ebs_optimized": false,
            "enable_primary_ipv6": null,
            "enclave_options": [],
            "ephemeral_block_device": [],
            "force_destroy": false,
            "get_password_data": false,
            "hibernation": null,
            "host_id": "",
            "host_resource_group_arn": null,
            "iam_instance_profile": "",
            "id": "i-a0bf0000095e81c4c",
            "instance_initiated_shutdown_behavior": "stop",
            "instance_lifecycle": "",
            "instance_market_options": [],
            "instance_state": "running",
            "instance_type": "t2.micro",
            "ipv6_address_count": 0,
            "ipv6_addresses": [],
            "key_name": "",
            "launch_template": [],
            "maintenance_options": [],
            "metadata_options": [],
            "monitoring": false,
            "network_interface": [],
            "outpost_arn": "",
            "password_data": "",
            "placement_group": "",
            "placement_group_id": "",
            "placement_partition_number": 0,
            "primary_network_interface": [
              {
                "delete_on_termination": true,
                "network_interface_id": "eni-49fec847"
              }
            ],
            "primary_network_interface_id": "eni-49fec847",
            "private_dns": "ip-10-105-134-57.ec2.internal",
            "private_dns_name_options": [],
            "private_ip": "10.105.134.57",
            "public_dns": "ec2-54-214-246-206.compute-1.amazonaws.com",
            "public_ip": "54.214.246.206",
            "region": "us-east-1",
            "root_block_device": [
              {
                "delete_on_termination": true,
                "device_name": "/dev/sda1",
                "encrypted": false,
                "iops": 0,
                "kms_key_id": "",
                "tags": {},
                "tags_all": {},
                "throughput": 0,
                "volume_id": "vol-74761135",
                "volume_size": 8,
                "volume_type": "gp2"
              }
            ],
            "secondary_private_ips": [],
            "security_groups": [],
            "source_dest_check": true,
            "spot_instance_request_id": "",
            "subnet_id": "subnet-ec8179f6",
            "tags": {
              "Name": "quma-backend"
            },
            "tags_all": {
              "Name": "quma-backend"
            },
            "tenancy": "default",
            "timeouts": null,
            "user_data": "#!/bin/bash\nset -e\n\n# Install dependencies\napt-get update -y\napt-get install -y curl git\n\n# Install Node.js 20+\ncurl -fsSL https://deb.nodesource.com/setup_20.x | bash -\napt-get install -y nodejs\n\n# Clone the backend repo\ngit clone https://github.com/\u003cyour-repo\u003e/quma-backend.git /opt/backend\ncd /opt/backend\n\n# Install dependencies\nnpm install -g pnpm\npnpm install\n\n# Serve the backend (you can change target if different)\nnpx nx serve backend --host 0.0.0.0 --port 3000\n",
            "user_data_base64": null,
            "user_data_replace_on_change": false,
            "volume_tags": null,
            "vpc_security_group_ids": []
          },
          "sensitive_attributes": [],
          "identity_schema_version": 0,
          "identity": {
            "account_id": "000000000000",
            "id": "i-a0bf0000095e81c4c",
            "region": "us-east-1"
          },
          "private": "eyJlMmJmYjczMC1lY2FhLTExZTYtOGY4OC0zNDM2M2JjN2M0YzAiOnsiY3JlYXRlIjo2MDAwMDAwMDAwMDAsImRlbGV0ZSI6MTIwMDAwMDAwMDAwMCwicmVhZCI6OTAwMDAwMDAwMDAwLCJ1cGRhdGUiOjYwMDAwMDAwMDAwMH0sInNjaGVtYV92ZXJzaW9uIjoiMiJ9"
        }
      ]
    }
  ],
  "check_results": null
}
